
Microsoft Visual Studio Solution File, Format Version 12.00
# Visual Studio Version 16
VisualStudioVersion = 16.0.31624.102
MinimumVisualStudioVersion = 10.0.40219.1
Project("{FAE04EC0-301F-11D3-BF4B-00C04F79EFBC}") = "Kapitel 3", "Kapitel 3\Kapitel 3.csproj", "{3F4C71AE-A1EB-4A99-BB18-7C1267A8E556}"
EndProject
Global
	GlobalSection(SolutionConfigurationPlatforms) = preSolution
		Debug|Any CPU = Debug|Any CPU
		Release|Any CPU = Release|Any CPU
	EndGlobalSection
	GlobalSection(ProjectConfigurationPlatforms) = postSolution
		{3F4C71AE-A1EB-4A99-BB18-7C1267A8E556}.Debug|Any CPU.ActiveCfg = Debug|Any CPU
		{3F4C71AE-A1EB-4A99-BB18-7C1267A8E556}.Debug|Any CPU.Build.0 = Debug|Any CPU
		{3F4C71AE-A1EB-4A99-BB18-7C1267A8E556}.Release|Any CPU.ActiveCfg = Release|Any CPU
		{3F4C71AE-A1EB-4A99-BB18-7C1267A8E556}.Release|Any CPU.Build.0 = Release|Any CPU
	EndGlobalSection
	GlobalSection(SolutionProperties) = preSolution
		HideSolutionNode = FALSE
	EndGlobalSection
	GlobalSection(ExtensibilityGlobals) = postSolution
		SolutionGuid = {612102FD-2CD1-44A2-AF82-A95BB5953C94}
	EndGlobalSection
EndGlobal
